// !$*UTF8*$!
{
	archiveVersion = 1;
	classes = {
	};
	objectVersion = 46;
	objects = {

/* Begin PBXBuildFile section */
		CE14FCD71DCD874E000804F8 /* DeeplinkingManager.m in Sources */ = {isa = PBXBuildFile; fileRef = CE14FCD61DCD874E000804F8 /* DeeplinkingManager.m */; };
		CEFAA8F11D950DA200970CF2 /* AppDelegate.m in Sources */ = {isa = PBXBuildFile; fileRef = CEFAA8EA1D950DA200970CF2 /* AppDelegate.m */; };
		CEFAA8F21D950DA200970CF2 /* AssetsURLProtocol.m in Sources */ = {isa = PBXBuildFile; fileRef = CEFAA8EC1D950DA200970CF2 /* AssetsURLProtocol.m */; };
		CEFAA8F31D950DA200970CF2 /* ConfigManager.m in Sources */ = {isa = PBXBuildFile; fileRef = CEFAA8EE1D950DA200970CF2 /* ConfigManager.m */; };
		CEFAA8F41D950DA200970CF2 /* WebViewController.m in Sources */ = {isa = PBXBuildFile; fileRef = CEFAA8F01D950DA200970CF2 /* WebViewController.m */; };
		CEFAA8F61D950DB500970CF2 /* Assets in Resources */ = {isa = PBXBuildFile; fileRef = CEFAA8F51D950DB500970CF2 /* Assets */; };
		CEFAA8FA1D950DD100970CF2 /* Assets.xcassets in Resources */ = {isa = PBXBuildFile; fileRef = CEFAA8F71D950DD100970CF2 /* Assets.xcassets */; };
		CEFAA8FC1D950DD100970CF2 /* main.m in Sources */ = {isa = PBXBuildFile; fileRef = CEFAA8F91D950DD100970CF2 /* main.m */; };
		CEFAA9011D950DDA00970CF2 /* LaunchScreen.storyboard in Resources */ = {isa = PBXBuildFile; fileRef = CEFAA8FD1D950DDA00970CF2 /* LaunchScreen.storyboard */; };
		CEFAA9021D950DDA00970CF2 /* Main.storyboard in Resources */ = {isa = PBXBuildFile; fileRef = CEFAA8FF1D950DDA00970CF2 /* Main.storyboard */; };
/* End PBXBuildFile section */

/* Begin PBXFileReference section */
		CE14FCD51DCD874E000804F8 /* DeeplinkingManager.h */ = {isa = PBXFileReference; fileEncoding = 4; lastKnownFileType = sourcecode.c.h; name = DeeplinkingManager.h; path = SmartWebView/DeeplinkingManager.h; sourceTree = SOURCE_ROOT; };
		CE14FCD61DCD874E000804F8 /* DeeplinkingManager.m */ = {isa = PBXFileReference; fileEncoding = 4; lastKnownFileType = sourcecode.c.objc; name = DeeplinkingManager.m; path = SmartWebView/DeeplinkingManager.m; sourceTree = SOURCE_ROOT; };
		CEAA92551D93BBB500E4D27F /* SmartWebView.app */ = {isa = PBXFileReference; explicitFileType = wrapper.application; includeInIndex = 0; path = SmartWebView.app; sourceTree = BUILT_PRODUCTS_DIR; };
		CEFAA8E91D950DA200970CF2 /* AppDelegate.h */ = {isa = PBXFileReference; fileEncoding = 4; lastKnownFileType = sourcecode.c.h; name = AppDelegate.h; path = SmartWebView/AppDelegate.h; sourceTree = SOURCE_ROOT; };
		CEFAA8EA1D950DA200970CF2 /* AppDelegate.m */ = {isa = PBXFileReference; fileEncoding = 4; lastKnownFileType = sourcecode.c.objc; name = AppDelegate.m; path = SmartWebView/AppDelegate.m; sourceTree = SOURCE_ROOT; };
		CEFAA8EB1D950DA200970CF2 /* AssetsURLProtocol.h */ = {isa = PBXFileReference; fileEncoding = 4; lastKnownFileType = sourcecode.c.h; name = AssetsURLProtocol.h; path = SmartWebView/AssetsURLProtocol.h; sourceTree = SOURCE_ROOT; };
		CEFAA8EC1D950DA200970CF2 /* AssetsURLProtocol.m */ = {isa = PBXFileReference; fileEncoding = 4; lastKnownFileType = sourcecode.c.objc; name = AssetsURLProtocol.m; path = SmartWebView/AssetsURLProtocol.m; sourceTree = SOURCE_ROOT; };
		CEFAA8ED1D950DA200970CF2 /* ConfigManager.h */ = {isa = PBXFileReference; fileEncoding = 4; lastKnownFileType = sourcecode.c.h; name = ConfigManager.h; path = SmartWebView/ConfigManager.h; sourceTree = SOURCE_ROOT; };
		CEFAA8EE1D950DA200970CF2 /* ConfigManager.m */ = {isa = PBXFileReference; fileEncoding = 4; lastKnownFileType = sourcecode.c.objc; name = ConfigManager.m; path = SmartWebView/ConfigManager.m; sourceTree = SOURCE_ROOT; };
		CEFAA8EF1D950DA200970CF2 /* WebViewController.h */ = {isa = PBXFileReference; fileEncoding = 4; lastKnownFileType = sourcecode.c.h; name = WebViewController.h; path = SmartWebView/WebViewController.h; sourceTree = SOURCE_ROOT; };
		CEFAA8F01D950DA200970CF2 /* WebViewController.m */ = {isa = PBXFileReference; fileEncoding = 4; lastKnownFileType = sourcecode.c.objc; name = WebViewController.m; path = SmartWebView/WebViewController.m; sourceTree = SOURCE_ROOT; };
		CEFAA8F51D950DB500970CF2 /* Assets */ = {isa = PBXFileReference; lastKnownFileType = folder; name = Assets; path = SmartWebView/Assets; sourceTree = SOURCE_ROOT; };
		CEFAA8F71D950DD100970CF2 /* Assets.xcassets */ = {isa = PBXFileReference; lastKnownFileType = folder.assetcatalog; name = Assets.xcassets; path = SmartWebView/Assets.xcassets; sourceTree = SOURCE_ROOT; };
		CEFAA8F81D950DD100970CF2 /* Info.plist */ = {isa = PBXFileReference; fileEncoding = 4; lastKnownFileType = text.plist.xml; name = Info.plist; path = SmartWebView/Info.plist; sourceTree = SOURCE_ROOT; };
		CEFAA8F91D950DD100970CF2 /* main.m */ = {isa = PBXFileReference; fileEncoding = 4; lastKnownFileType = sourcecode.c.objc; name = main.m; path = SmartWebView/main.m; sourceTree = SOURCE_ROOT; };
		CEFAA8FE1D950DDA00970CF2 /* Base */ = {isa = PBXFileReference; lastKnownFileType = file.storyboard; name = Base; path = SmartWebView/Base.lproj/LaunchScreen.storyboard; sourceTree = SOURCE_ROOT; };
		CEFAA9001D950DDA00970CF2 /* Base */ = {isa = PBXFileReference; lastKnownFileType = file.storyboard; name = Base; path = SmartWebView/Base.lproj/Main.storyboard; sourceTree = SOURCE_ROOT; };
/* End PBXFileReference section */

/* Begin PBXFrameworksBuildPhase section */
		CEAA92521D93BBB500E4D27F /* Frameworks */ = {
			isa = PBXFrameworksBuildPhase;
			buildActionMask = 2147483647;
			files = (
			);
			runOnlyForDeploymentPostprocessing = 0;
		};
/* End PBXFrameworksBuildPhase section */

/* Begin PBXGroup section */
		CEAA924C1D93BBB500E4D27F = {
			isa = PBXGroup;
			children = (
				CEAA92571D93BBB500E4D27F /* SmartWebView */,
				CEAA92561D93BBB500E4D27F /* Products */,
			);
			sourceTree = "<group>";
		};
		CEAA92561D93BBB500E4D27F /* Products */ = {
			isa = PBXGroup;
			children = (
				CEAA92551D93BBB500E4D27F /* SmartWebView.app */,
			);
			name = Products;
			sourceTree = "<group>";
		};
		CEAA92571D93BBB500E4D27F /* SmartWebView */ = {
			isa = PBXGroup;
			children = (
				CEFAA8E91D950DA200970CF2 /* AppDelegate.h */,
				CEFAA8EA1D950DA200970CF2 /* AppDelegate.m */,
				CEFAA8EB1D950DA200970CF2 /* AssetsURLProtocol.h */,
				CEFAA8EC1D950DA200970CF2 /* AssetsURLProtocol.m */,
				CEFAA8ED1D950DA200970CF2 /* ConfigManager.h */,
				CEFAA8EE1D950DA200970CF2 /* ConfigManager.m */,
				CE14FCD51DCD874E000804F8 /* DeeplinkingManager.h */,
				CE14FCD61DCD874E000804F8 /* DeeplinkingManager.m */,
				CEFAA8EF1D950DA200970CF2 /* WebViewController.h */,
				CEFAA8F01D950DA200970CF2 /* WebViewController.m */,
				CEAA92581D93BBB500E4D27F /* Supporting Files */,
			);
			name = SmartWebView;
			path = WebViewTest;
			sourceTree = "<group>";
		};
		CEAA92581D93BBB500E4D27F /* Supporting Files */ = {
			isa = PBXGroup;
			children = (
				CEFAA8F91D950DD100970CF2 /* main.m */,
				CEFAA8F81D950DD100970CF2 /* Info.plist */,
				CEFAA8F71D950DD100970CF2 /* Assets.xcassets */,
				CEFAA8F51D950DB500970CF2 /* Assets */,
				CEFAA8FD1D950DDA00970CF2 /* LaunchScreen.storyboard */,
				CEFAA8FF1D950DDA00970CF2 /* Main.storyboard */,
			);
			name = "Supporting Files";
			sourceTree = "<group>";
		};
/* End PBXGroup section */

/* Begin PBXNativeTarget section */
		CEAA92541D93BBB500E4D27F /* SmartWebView */ = {
			isa = PBXNativeTarget;
			buildConfigurationList = CEAA926C1D93BBB600E4D27F /* Build configuration list for PBXNativeTarget "SmartWebView" */;
			buildPhases = (
				CEAA92511D93BBB500E4D27F /* Sources */,
				CEAA92521D93BBB500E4D27F /* Frameworks */,
				CEAA92531D93BBB500E4D27F /* Resources */,
			);
			buildRules = (
			);
			dependencies = (
			);
			name = SmartWebView;
			productName = WebViewTest;
			productReference = CEAA92551D93BBB500E4D27F /* SmartWebView.app */;
			productType = "com.apple.product-type.application";
		};
/* End PBXNativeTarget section */

/* Begin PBXProject section */
		CEAA924D1D93BBB500E4D27F /* Project object */ = {
			isa = PBXProject;
			attributes = {
				LastUpgradeCheck = 0800;
				ORGANIZATIONNAME = Essam;
				TargetAttributes = {
					CEAA92541D93BBB500E4D27F = {
						CreatedOnToolsVersion = 7.2;
					};
				};
			};
			buildConfigurationList = CEAA92501D93BBB500E4D27F /* Build configuration list for PBXProject "SmartWebView" */;
			compatibilityVersion = "Xcode 3.2";
			developmentRegion = English;
			hasScannedForEncodings = 0;
			knownRegions = (
				en,
				Base,
			);
			mainGroup = CEAA924C1D93BBB500E4D27F;
			productRefGroup = CEAA92561D93BBB500E4D27F /* Products */;
			projectDirPath = "";
			projectRoot = "";
			targets = (
				CEAA92541D93BBB500E4D27F /* SmartWebView */,
			);
		};
/* End PBXProject section */

/* Begin PBXResourcesBuildPhase section */
		CEAA92531D93BBB500E4D27F /* Resources */ = {
			isa = PBXResourcesBuildPhase;
			buildActionMask = 2147483647;
			files = (
				CEFAA8FA1D950DD100970CF2 /* Assets.xcassets in Resources */,
				CEFAA9021D950DDA00970CF2 /* Main.storyboard in Resources */,
				CEFAA9011D950DDA00970CF2 /* LaunchScreen.storyboard in Resources */,
				CEFAA8F61D950DB500970CF2 /* Assets in Resources */,
			);
			runOnlyForDeploymentPostprocessing = 0;
		};
/* End PBXResourcesBuildPhase section */

/* Begin PBXSourcesBuildPhase section */
		CEAA92511D93BBB500E4D27F /* Sources */ = {
			isa = PBXSourcesBuildPhase;
			buildActionMask = 2147483647;
			files = (
				CE14FCD71DCD874E000804F8 /* DeeplinkingManager.m in Sources */,
				CEFAA8FC1D950DD100970CF2 /* main.m in Sources */,
				CEFAA8F11D950DA200970CF2 /* AppDelegate.m in Sources */,
				CEFAA8F41D950DA200970CF2 /* WebViewController.m in Sources */,
				CEFAA8F21D950DA200970CF2 /* AssetsURLProtocol.m in Sources */,
				CEFAA8F31D950DA200970CF2 /* ConfigManager.m in Sources */,
			);
			runOnlyForDeploymentPostprocessing = 0;
		};
/* End PBXSourcesBuildPhase section */

/* Begin PBXVariantGroup section */
		CEFAA8FD1D950DDA00970CF2 /* LaunchScreen.storyboard */ = {
			isa = PBXVariantGroup;
			children = (
				CEFAA8FE1D950DDA00970CF2 /* Base */,
			);
			name = LaunchScreen.storyboard;
			sourceTree = "<group>";
		};
		CEFAA8FF1D950DDA00970CF2 /* Main.storyboard */ = {
			isa = PBXVariantGroup;
			children = (
				CEFAA9001D950DDA00970CF2 /* Base */,
			);
			name = Main.storyboard;
			sourceTree = "<group>";
		};
/* End PBXVariantGroup section */

/* Begin XCBuildConfiguration section */
		CEAA926A1D93BBB600E4D27F /* Debug */ = {
			isa = XCBuildConfiguration;
			buildSettings = {
				ALWAYS_SEARCH_USER_PATHS = NO;
				CLANG_CXX_LANGUAGE_STANDARD = "gnu++0x";
				CLANG_CXX_LIBRARY = "libc++";
				CLANG_ENABLE_MODULES = YES;
				CLANG_ENABLE_OBJC_ARC = YES;
				CLANG_WARN_BOOL_CONVERSION = YES;
				CLANG_WARN_CONSTANT_CONVERSION = YES;
				CLANG_WARN_DIRECT_OBJC_ISA_USAGE = YES_ERROR;
				CLANG_WARN_EMPTY_BODY = YES;
				CLANG_WARN_ENUM_CONVERSION = YES;
				CLANG_WARN_INFINITE_RECURSION = YES;
				CLANG_WARN_INT_CONVERSION = YES;
				CLANG_WARN_OBJC_ROOT_CLASS = YES_ERROR;
				CLANG_WARN_SUSPICIOUS_MOVE = YES;
				CLANG_WARN_UNREACHABLE_CODE = YES;
				CLANG_WARN__DUPLICATE_METHOD_MATCH = YES;
				"CODE_SIGN_IDENTITY[sdk=iphoneos*]" = "iPhone Developer";
				COPY_PHASE_STRIP = NO;
				DEBUG_INFORMATION_FORMAT = dwarf;
				ENABLE_STRICT_OBJC_MSGSEND = YES;
				ENABLE_TESTABILITY = YES;
				GCC_C_LANGUAGE_STANDARD = gnu99;
				GCC_DYNAMIC_NO_PIC = NO;
				GCC_NO_COMMON_BLOCKS = YES;
				GCC_OPTIMIZATION_LEVEL = 0;
				GCC_PREPROCESSOR_DEFINITIONS = (
					"DEBUG=1",
					"$(inherited)",
				);
				GCC_WARN_64_TO_32_BIT_CONVERSION = YES;
				GCC_WARN_ABOUT_RETURN_TYPE = YES_ERROR;
				GCC_WARN_UNDECLARED_SELECTOR = YES;
				GCC_WARN_UNINITIALIZED_AUTOS = YES_AGGRESSIVE;
				GCC_WARN_UNUSED_FUNCTION = YES;
				GCC_WARN_UNUSED_VARIABLE = YES;
				IPHONEOS_DEPLOYMENT_TARGET = 9.2;
				MTL_ENABLE_DEBUG_INFO = YES;
				ONLY_ACTIVE_ARCH = YES;
				SDKROOT = iphoneos;
			};
			name = Debug;
		};
		CEAA926B1D93BBB600E4D27F /* Release */ = {
			isa = XCBuildConfiguration;
			buildSettings = {
				ALWAYS_SEARCH_USER_PATHS = NO;
				CLANG_CXX_LANGUAGE_STANDARD = "gnu++0x";
				CLANG_CXX_LIBRARY = "libc++";
				CLANG_ENABLE_MODULES = YES;
				CLANG_ENABLE_OBJC_ARC = YES;
				CLANG_WARN_BOOL_CONVERSION = YES;
				CLANG_WARN_CONSTANT_CONVERSION = YES;
				CLANG_WARN_DIRECT_OBJC_ISA_USAGE = YES_ERROR;
				CLANG_WARN_EMPTY_BODY = YES;
				CLANG_WARN_ENUM_CONVERSION = YES;
				CLANG_WARN_INFINITE_RECURSION = YES;
				CLANG_WARN_INT_CONVERSION = YES;
				CLANG_WARN_OBJC_ROOT_CLASS = YES_ERROR;
				CLANG_WARN_SUSPICIOUS_MOVE = YES;
				CLANG_WARN_UNREACHABLE_CODE = YES;
				CLANG_WARN__DUPLICATE_METHOD_MATCH = YES;
				"CODE_SIGN_IDENTITY[sdk=iphoneos*]" = "iPhone Developer";
				COPY_PHASE_STRIP = NO;
				DEBUG_INFORMATION_FORMAT = "dwarf-with-dsym";
				ENABLE_NS_ASSERTIONS = NO;
				ENABLE_STRICT_OBJC_MSGSEND = YES;
				GCC_C_LANGUAGE_STANDARD = gnu99;
				GCC_NO_COMMON_BLOCKS = YES;
				GCC_WARN_64_TO_32_BIT_CONVERSION = YES;
				GCC_WARN_ABOUT_RETURN_TYPE = YES_ERROR;
				GCC_WARN_UNDECLARED_SELECTOR = YES;
				GCC_WARN_UNINITIALIZED_AUTOS = YES_AGGRESSIVE;
				GCC_WARN_UNUSED_FUNCTION = YES;
				GCC_WARN_UNUSED_VARIABLE = YES;
				IPHONEOS_DEPLOYMENT_TARGET = 9.2;
				MTL_ENABLE_DEBUG_INFO = NO;
				SDKROOT = iphoneos;
				VALIDATE_PRODUCT = YES;
			};
			name = Release;
		};
		CEAA926D1D93BBB600E4D27F /* Debug */ = {
			isa = XCBuildConfiguration;
			buildSettings = {
				ASSETCATALOG_COMPILER_APPICON_NAME = AppIcon;
				INFOPLIST_FILE = SmartWebView/Info.plist;
				IPHONEOS_DEPLOYMENT_TARGET = 9.0;
				LD_RUNPATH_SEARCH_PATHS = "$(inherited) @executable_path/Frameworks";
				PRODUCT_BUNDLE_IDENTIFIER = com.template.smartwebview;
				PRODUCT_NAME = SmartWebView;
				TARGETED_DEVICE_FAMILY = "1,2";
			};
			name = Debug;
		};
		CEAA926E1D93BBB600E4D27F /* Release */ = {
			isa = XCBuildConfiguration;
			buildSettings = {
				ASSETCATALOG_COMPILER_APPICON_NAME = AppIcon;
				INFOPLIST_FILE = SmartWebView/Info.plist;
				IPHONEOS_DEPLOYMENT_TARGET = 9.0;
				LD_RUNPATH_SEARCH_PATHS = "$(inherited) @executable_path/Frameworks";
				PRODUCT_BUNDLE_IDENTIFIER = com.template.smartwebview;
				PRODUCT_NAME = SmartWebView;
				TARGETED_DEVICE_FAMILY = "1,2";
			};
			name = Release;
		};
/* End XCBuildConfiguration section */

/* Begin XCConfigurationList section */
		CEAA92501D93BBB500E4D27F /* Build configuration list for PBXProject "SmartWebView" */ = {
			isa = XCConfigurationList;
			buildConfigurations = (
				CEAA926A1D93BBB600E4D27F /* Debug */,
				CEAA926B1D93BBB600E4D27F /* Release */,
			);
			defaultConfigurationIsVisible = 0;
			defaultConfigurationName = Release;
		};
		CEAA926C1D93BBB600E4D27F /* Build configuration list for PBXNativeTarget "SmartWebView" */ = {
			isa = XCConfigurationList;
			buildConfigurations = (
				CEAA926D1D93BBB600E4D27F /* Debug */,
				CEAA926E1D93BBB600E4D27F /* Release */,
			);
			defaultConfigurationIsVisible = 0;
			defaultConfigurationName = Release;
		};
/* End XCConfigurationList section */
	};
	rootObject = CEAA924D1D93BBB500E4D27F /* Project object */;
}
